
Microsoft Visual Studio Solution File, Format Version 12.00
# Visual Studio 2017
Project("{FAE04EC0-301F-11D3-BF4B-00C04F79EFBC}") = "surfin_simulator.Plugins", "surfin_simulator.Plugins.csproj", "{2AD98AF7-347E-A0AB-8087-5060380FE51A}"
EndProject
Project("{FAE04EC0-301F-11D3-BF4B-00C04F79EFBC}") = "surfin_simulator", "surfin_simulator.csproj", "{668D4088-71D8-5871-F5A5-BC1A8238A43A}"
EndProject
Project("{FAE04EC0-301F-11D3-BF4B-00C04F79EFBC}") = "surfin_simulator.Editor.Plugins", "surfin_simulator.Editor.Plugins.csproj", "{0A0AF71A-5FD5-5A69-31CE-0306E8A5AFF1}"
EndProject
Global
	GlobalSection(SolutionConfigurationPlatforms) = preSolution
		Debug|Any CPU = Debug|Any CPU
		Release|Any CPU = Release|Any CPU
	EndGlobalSection
	GlobalSection(ProjectConfigurationPlatforms) = postSolution
		{2AD98AF7-347E-A0AB-8087-5060380FE51A}.Debug|Any CPU.ActiveCfg = Debug|Any CPU
		{2AD98AF7-347E-A0AB-8087-5060380FE51A}.Debug|Any CPU.Build.0 = Debug|Any CPU
		{2AD98AF7-347E-A0AB-8087-5060380FE51A}.Release|Any CPU.ActiveCfg = Release|Any CPU
		{2AD98AF7-347E-A0AB-8087-5060380FE51A}.Release|Any CPU.Build.0 = Release|Any CPU
		{668D4088-71D8-5871-F5A5-BC1A8238A43A}.Debug|Any CPU.ActiveCfg = Debug|Any CPU
		{668D4088-71D8-5871-F5A5-BC1A8238A43A}.Debug|Any CPU.Build.0 = Debug|Any CPU
		{668D4088-71D8-5871-F5A5-BC1A8238A43A}.Release|Any CPU.ActiveCfg = Release|Any CPU
		{668D4088-71D8-5871-F5A5-BC1A8238A43A}.Release|Any CPU.Build.0 = Release|Any CPU
		{0A0AF71A-5FD5-5A69-31CE-0306E8A5AFF1}.Debug|Any CPU.ActiveCfg = Debug|Any CPU
		{0A0AF71A-5FD5-5A69-31CE-0306E8A5AFF1}.Debug|Any CPU.Build.0 = Debug|Any CPU
		{0A0AF71A-5FD5-5A69-31CE-0306E8A5AFF1}.Release|Any CPU.ActiveCfg = Release|Any CPU
		{0A0AF71A-5FD5-5A69-31CE-0306E8A5AFF1}.Release|Any CPU.Build.0 = Release|Any CPU
	EndGlobalSection
	GlobalSection(SolutionProperties) = preSolution
		HideSolutionNode = FALSE
	EndGlobalSection
EndGlobal
